// !$*UTF8*$!
{
	archiveVersion = 1;
	classes = {
	};
	objectVersion = 56;
	objects = {

/* Begin PBXBuildFile section */
		714C5AED2B8412E5002DF142 /* AppCoordinator.swift in Sources */ = {isa = PBXBuildFile; fileRef = 714C5AEC2B8412E5002DF142 /* AppCoordinator.swift */; };
		714C5AEF2B8412F0002DF142 /* MainCoordinator.swift in Sources */ = {isa = PBXBuildFile; fileRef = 714C5AEE2B8412F0002DF142 /* MainCoordinator.swift */; };
		714C5AF12B841349002DF142 /* TabsCoordinator.swift in Sources */ = {isa = PBXBuildFile; fileRef = 714C5AF02B841349002DF142 /* TabsCoordinator.swift */; };
		714C5AF62B84156E002DF142 /* SplashView.swift in Sources */ = {isa = PBXBuildFile; fileRef = 714C5AF52B84156E002DF142 /* SplashView.swift */; };
		714C5AF82B841577002DF142 /* TutorialView.swift in Sources */ = {isa = PBXBuildFile; fileRef = 714C5AF72B841577002DF142 /* TutorialView.swift */; };
		714C5AFA2B8562AF002DF142 /* SearchView.swift in Sources */ = {isa = PBXBuildFile; fileRef = 714C5AF92B8562AF002DF142 /* SearchView.swift */; };
		714C5AFC2B8562CA002DF142 /* SettingsView.swift in Sources */ = {isa = PBXBuildFile; fileRef = 714C5AFB2B8562CA002DF142 /* SettingsView.swift */; };
		714C5AFE2B8563E0002DF142 /* HomeTabView.swift in Sources */ = {isa = PBXBuildFile; fileRef = 714C5AFD2B8563E0002DF142 /* HomeTabView.swift */; };
		714C5B002B8563F6002DF142 /* ProfileTabView.swift in Sources */ = {isa = PBXBuildFile; fileRef = 714C5AFF2B8563F6002DF142 /* ProfileTabView.swift */; };
		714C5B022B856429002DF142 /* FeedListTabView.swift in Sources */ = {isa = PBXBuildFile; fileRef = 714C5B012B856429002DF142 /* FeedListTabView.swift */; };
		714C5B042B861403002DF142 /* MainTabView.swift in Sources */ = {isa = PBXBuildFile; fileRef = 714C5B032B861403002DF142 /* MainTabView.swift */; };
		7156A7E72B840B64001C95FF /* TCACoordinatorExampleModifiedApp.swift in Sources */ = {isa = PBXBuildFile; fileRef = 7156A7E62B840B64001C95FF /* TCACoordinatorExampleModifiedApp.swift */; };
		7156A7E92B840B64001C95FF /* ContentView.swift in Sources */ = {isa = PBXBuildFile; fileRef = 7156A7E82B840B64001C95FF /* ContentView.swift */; };
		7156A7EB2B840B65001C95FF /* Assets.xcassets in Resources */ = {isa = PBXBuildFile; fileRef = 7156A7EA2B840B65001C95FF /* Assets.xcassets */; };
		7156A7EE2B840B65001C95FF /* Preview Assets.xcassets in Resources */ = {isa = PBXBuildFile; fileRef = 7156A7ED2B840B65001C95FF /* Preview Assets.xcassets */; };
		7156A7F62B840B93001C95FF /* ComposableArchitecture in Frameworks */ = {isa = PBXBuildFile; productRef = 7156A7F52B840B93001C95FF /* ComposableArchitecture */; };
		7156A7F92B840BEA001C95FF /* TCACoordinators in Frameworks */ = {isa = PBXBuildFile; productRef = 7156A7F82B840BEA001C95FF /* TCACoordinators */; };
/* End PBXBuildFile section */

/* Begin PBXFileReference section */
		714C5AEC2B8412E5002DF142 /* AppCoordinator.swift */ = {isa = PBXFileReference; lastKnownFileType = sourcecode.swift; path = AppCoordinator.swift; sourceTree = "<group>"; };
		714C5AEE2B8412F0002DF142 /* MainCoordinator.swift */ = {isa = PBXFileReference; lastKnownFileType = sourcecode.swift; path = MainCoordinator.swift; sourceTree = "<group>"; };
		714C5AF02B841349002DF142 /* TabsCoordinator.swift */ = {isa = PBXFileReference; lastKnownFileType = sourcecode.swift; path = TabsCoordinator.swift; sourceTree = "<group>"; };
		714C5AF52B84156E002DF142 /* SplashView.swift */ = {isa = PBXFileReference; lastKnownFileType = sourcecode.swift; path = SplashView.swift; sourceTree = "<group>"; };
		714C5AF72B841577002DF142 /* TutorialView.swift */ = {isa = PBXFileReference; lastKnownFileType = sourcecode.swift; path = TutorialView.swift; sourceTree = "<group>"; };
		714C5AF92B8562AF002DF142 /* SearchView.swift */ = {isa = PBXFileReference; lastKnownFileType = sourcecode.swift; path = SearchView.swift; sourceTree = "<group>"; };
		714C5AFB2B8562CA002DF142 /* SettingsView.swift */ = {isa = PBXFileReference; lastKnownFileType = sourcecode.swift; path = SettingsView.swift; sourceTree = "<group>"; };
		714C5AFD2B8563E0002DF142 /* HomeTabView.swift */ = {isa = PBXFileReference; lastKnownFileType = sourcecode.swift; path = HomeTabView.swift; sourceTree = "<group>"; };
		714C5AFF2B8563F6002DF142 /* ProfileTabView.swift */ = {isa = PBXFileReference; lastKnownFileType = sourcecode.swift; path = ProfileTabView.swift; sourceTree = "<group>"; };
		714C5B012B856429002DF142 /* FeedListTabView.swift */ = {isa = PBXFileReference; lastKnownFileType = sourcecode.swift; path = FeedListTabView.swift; sourceTree = "<group>"; };
		714C5B032B861403002DF142 /* MainTabView.swift */ = {isa = PBXFileReference; lastKnownFileType = sourcecode.swift; path = MainTabView.swift; sourceTree = "<group>"; };
		7156A7E32B840B64001C95FF /* TCACoordinatorExampleModified.app */ = {isa = PBXFileReference; explicitFileType = wrapper.application; includeInIndex = 0; path = TCACoordinatorExampleModified.app; sourceTree = BUILT_PRODUCTS_DIR; };
		7156A7E62B840B64001C95FF /* TCACoordinatorExampleModifiedApp.swift */ = {isa = PBXFileReference; lastKnownFileType = sourcecode.swift; path = TCACoordinatorExampleModifiedApp.swift; sourceTree = "<group>"; };
		7156A7E82B840B64001C95FF /* ContentView.swift */ = {isa = PBXFileReference; lastKnownFileType = sourcecode.swift; path = ContentView.swift; sourceTree = "<group>"; };
		7156A7EA2B840B65001C95FF /* Assets.xcassets */ = {isa = PBXFileReference; lastKnownFileType = folder.assetcatalog; path = Assets.xcassets; sourceTree = "<group>"; };
		7156A7ED2B840B65001C95FF /* Preview Assets.xcassets */ = {isa = PBXFileReference; lastKnownFileType = folder.assetcatalog; path = "Preview Assets.xcassets"; sourceTree = "<group>"; };
/* End PBXFileReference section */

/* Begin PBXFrameworksBuildPhase section */
		7156A7E02B840B64001C95FF /* Frameworks */ = {
			isa = PBXFrameworksBuildPhase;
			buildActionMask = 2147483647;
			files = (
				7156A7F92B840BEA001C95FF /* TCACoordinators in Frameworks */,
				7156A7F62B840B93001C95FF /* ComposableArchitecture in Frameworks */,
			);
			runOnlyForDeploymentPostprocessing = 0;
		};
/* End PBXFrameworksBuildPhase section */

/* Begin PBXGroup section */
		714C5AEB2B8412D2002DF142 /* Coordinators */ = {
			isa = PBXGroup;
			children = (
				714C5AEC2B8412E5002DF142 /* AppCoordinator.swift */,
				714C5AEE2B8412F0002DF142 /* MainCoordinator.swift */,
				714C5AF02B841349002DF142 /* TabsCoordinator.swift */,
			);
			path = Coordinators;
			sourceTree = "<group>";
		};
		714C5AF22B841536002DF142 /* Main */ = {
			isa = PBXGroup;
			children = (
				714C5AF92B8562AF002DF142 /* SearchView.swift */,
				714C5AFB2B8562CA002DF142 /* SettingsView.swift */,
			);
			path = Main;
			sourceTree = "<group>";
		};
		714C5AF32B841541002DF142 /* Tabs */ = {
			isa = PBXGroup;
			children = (
				714C5AFD2B8563E0002DF142 /* HomeTabView.swift */,
				714C5B012B856429002DF142 /* FeedListTabView.swift */,
				714C5AFF2B8563F6002DF142 /* ProfileTabView.swift */,
				714C5B032B861403002DF142 /* MainTabView.swift */,
			);
			path = Tabs;
			sourceTree = "<group>";
		};
		714C5AF42B841562002DF142 /* Splash */ = {
			isa = PBXGroup;
			children = (
				714C5AF52B84156E002DF142 /* SplashView.swift */,
				714C5AF72B841577002DF142 /* TutorialView.swift */,
			);
			path = Splash;
			sourceTree = "<group>";
		};
		7156A7DA2B840B64001C95FF = {
			isa = PBXGroup;
			children = (
				7156A7E52B840B64001C95FF /* TCACoordinatorExampleModified */,
				7156A7E42B840B64001C95FF /* Products */,
			);
			sourceTree = "<group>";
		};
		7156A7E42B840B64001C95FF /* Products */ = {
			isa = PBXGroup;
			children = (
				7156A7E32B840B64001C95FF /* TCACoordinatorExampleModified.app */,
			);
			name = Products;
			sourceTree = "<group>";
		};
		7156A7E52B840B64001C95FF /* TCACoordinatorExampleModified */ = {
			isa = PBXGroup;
			children = (
				7156A7E62B840B64001C95FF /* TCACoordinatorExampleModifiedApp.swift */,
				7156A7E82B840B64001C95FF /* ContentView.swift */,
				714C5AEB2B8412D2002DF142 /* Coordinators */,
				714C5AF42B841562002DF142 /* Splash */,
				714C5AF22B841536002DF142 /* Main */,
				714C5AF32B841541002DF142 /* Tabs */,
				7156A7EA2B840B65001C95FF /* Assets.xcassets */,
				7156A7EC2B840B65001C95FF /* Preview Content */,
			);
			path = TCACoordinatorExampleModified;
			sourceTree = "<group>";
		};
		7156A7EC2B840B65001C95FF /* Preview Content */ = {
			isa = PBXGroup;
			children = (
				7156A7ED2B840B65001C95FF /* Preview Assets.xcassets */,
			);
			path = "Preview Content";
			sourceTree = "<group>";
		};
/* End PBXGroup section */

/* Begin PBXNativeTarget section */
		7156A7E22B840B64001C95FF /* TCACoordinatorExampleModified */ = {
			isa = PBXNativeTarget;
			buildConfigurationList = 7156A7F12B840B65001C95FF /* Build configuration list for PBXNativeTarget "TCACoordinatorExampleModified" */;
			buildPhases = (
				7156A7DF2B840B64001C95FF /* Sources */,
				7156A7E02B840B64001C95FF /* Frameworks */,
				7156A7E12B840B64001C95FF /* Resources */,
			);
			buildRules = (
			);
			dependencies = (
			);
			name = TCACoordinatorExampleModified;
			packageProductDependencies = (
				7156A7F52B840B93001C95FF /* ComposableArchitecture */,
				7156A7F82B840BEA001C95FF /* TCACoordinators */,
			);
			productName = TCACoordinatorExampleModified;
			productReference = 7156A7E32B840B64001C95FF /* TCACoordinatorExampleModified.app */;
			productType = "com.apple.product-type.application";
		};
/* End PBXNativeTarget section */

/* Begin PBXProject section */
		7156A7DB2B840B64001C95FF /* Project object */ = {
			isa = PBXProject;
			attributes = {
				BuildIndependentTargetsInParallel = 1;
				LastSwiftUpdateCheck = 1520;
				LastUpgradeCheck = 1520;
				TargetAttributes = {
					7156A7E22B840B64001C95FF = {
						CreatedOnToolsVersion = 15.2;
					};
				};
			};
			buildConfigurationList = 7156A7DE2B840B64001C95FF /* Build configuration list for PBXProject "TCACoordinatorExampleModified" */;
			compatibilityVersion = "Xcode 14.0";
			developmentRegion = en;
			hasScannedForEncodings = 0;
			knownRegions = (
				en,
				Base,
			);
			mainGroup = 7156A7DA2B840B64001C95FF;
			packageReferences = (
				7156A7F42B840B93001C95FF /* XCRemoteSwiftPackageReference "swift-composable-architecture" */,
				7156A7F72B840BEA001C95FF /* XCRemoteSwiftPackageReference "TCACoordinators" */,
			);
			productRefGroup = 7156A7E42B840B64001C95FF /* Products */;
			projectDirPath = "";
			projectRoot = "";
			targets = (
				7156A7E22B840B64001C95FF /* TCACoordinatorExampleModified */,
			);
		};
/* End PBXProject section */

/* Begin PBXResourcesBuildPhase section */
		7156A7E12B840B64001C95FF /* Resources */ = {
			isa = PBXResourcesBuildPhase;
			buildActionMask = 2147483647;
			files = (
				7156A7EE2B840B65001C95FF /* Preview Assets.xcassets in Resources */,
				7156A7EB2B840B65001C95FF /* Assets.xcassets in Resources */,
			);
			runOnlyForDeploymentPostprocessing = 0;
		};
/* End PBXResourcesBuildPhase section */

/* Begin PBXSourcesBuildPhase section */
		7156A7DF2B840B64001C95FF /* Sources */ = {
			isa = PBXSourcesBuildPhase;
			buildActionMask = 2147483647;
			files = (
				714C5AF82B841577002DF142 /* TutorialView.swift in Sources */,
				714C5AF12B841349002DF142 /* TabsCoordinator.swift in Sources */,
				714C5AED2B8412E5002DF142 /* AppCoordinator.swift in Sources */,
				714C5AFC2B8562CA002DF142 /* SettingsView.swift in Sources */,
				714C5AEF2B8412F0002DF142 /* MainCoordinator.swift in Sources */,
				714C5AFA2B8562AF002DF142 /* SearchView.swift in Sources */,
				7156A7E92B840B64001C95FF /* ContentView.swift in Sources */,
				714C5B042B861403002DF142 /* MainTabView.swift in Sources */,
				714C5AFE2B8563E0002DF142 /* HomeTabView.swift in Sources */,
				7156A7E72B840B64001C95FF /* TCACoordinatorExampleModifiedApp.swift in Sources */,
				714C5B002B8563F6002DF142 /* ProfileTabView.swift in Sources */,
				714C5B022B856429002DF142 /* FeedListTabView.swift in Sources */,
				714C5AF62B84156E002DF142 /* SplashView.swift in Sources */,
			);
			runOnlyForDeploymentPostprocessing = 0;
		};
/* End PBXSourcesBuildPhase section */

/* Begin XCBuildConfiguration section */
		7156A7EF2B840B65001C95FF /* Debug */ = {
			isa = XCBuildConfiguration;
			buildSettings = {
				ALWAYS_SEARCH_USER_PATHS = NO;
				ASSETCATALOG_COMPILER_GENERATE_SWIFT_ASSET_SYMBOL_EXTENSIONS = YES;
				CLANG_ANALYZER_NONNULL = YES;
				CLANG_ANALYZER_NUMBER_OBJECT_CONVERSION = YES_AGGRESSIVE;
				CLANG_CXX_LANGUAGE_STANDARD = "gnu++20";
				CLANG_ENABLE_MODULES = YES;
				CLANG_ENABLE_OBJC_ARC = YES;
				CLANG_ENABLE_OBJC_WEAK = YES;
				CLANG_WARN_BLOCK_CAPTURE_AUTORELEASING = YES;
				CLANG_WARN_BOOL_CONVERSION = YES;
				CLANG_WARN_COMMA = YES;
				CLANG_WARN_CONSTANT_CONVERSION = YES;
				CLANG_WARN_DEPRECATED_OBJC_IMPLEMENTATIONS = YES;
				CLANG_WARN_DIRECT_OBJC_ISA_USAGE = YES_ERROR;
				CLANG_WARN_DOCUMENTATION_COMMENTS = YES;
				CLANG_WARN_EMPTY_BODY = YES;
				CLANG_WARN_ENUM_CONVERSION = YES;
				CLANG_WARN_INFINITE_RECURSION = YES;
				CLANG_WARN_INT_CONVERSION = YES;
				CLANG_WARN_NON_LITERAL_NULL_CONVERSION = YES;
				CLANG_WARN_OBJC_IMPLICIT_RETAIN_SELF = YES;
				CLANG_WARN_OBJC_LITERAL_CONVERSION = YES;
				CLANG_WARN_OBJC_ROOT_CLASS = YES_ERROR;
				CLANG_WARN_QUOTED_INCLUDE_IN_FRAMEWORK_HEADER = YES;
				CLANG_WARN_RANGE_LOOP_ANALYSIS = YES;
				CLANG_WARN_STRICT_PROTOTYPES = YES;
				CLANG_WARN_SUSPICIOUS_MOVE = YES;
				CLANG_WARN_UNGUARDED_AVAILABILITY = YES_AGGRESSIVE;
				CLANG_WARN_UNREACHABLE_CODE = YES;
				CLANG_WARN__DUPLICATE_METHOD_MATCH = YES;
				COPY_PHASE_STRIP = NO;
				DEBUG_INFORMATION_FORMAT = dwarf;
				ENABLE_STRICT_OBJC_MSGSEND = YES;
				ENABLE_TESTABILITY = YES;
				ENABLE_USER_SCRIPT_SANDBOXING = YES;
				GCC_C_LANGUAGE_STANDARD = gnu17;
				GCC_DYNAMIC_NO_PIC = NO;
				GCC_NO_COMMON_BLOCKS = YES;
				GCC_OPTIMIZATION_LEVEL = 0;
				GCC_PREPROCESSOR_DEFINITIONS = (
					"DEBUG=1",
					"$(inherited)",
				);
				GCC_WARN_64_TO_32_BIT_CONVERSION = YES;
				GCC_WARN_ABOUT_RETURN_TYPE = YES_ERROR;
				GCC_WARN_UNDECLARED_SELECTOR = YES;
				GCC_WARN_UNINITIALIZED_AUTOS = YES_AGGRESSIVE;
				GCC_WARN_UNUSED_FUNCTION = YES;
				GCC_WARN_UNUSED_VARIABLE = YES;
				IPHONEOS_DEPLOYMENT_TARGET = 17.2;
				LOCALIZATION_PREFERS_STRING_CATALOGS = YES;
				MTL_ENABLE_DEBUG_INFO = INCLUDE_SOURCE;
				MTL_FAST_MATH = YES;
				ONLY_ACTIVE_ARCH = YES;
				SDKROOT = iphoneos;
				SWIFT_ACTIVE_COMPILATION_CONDITIONS = "DEBUG $(inherited)";
				SWIFT_OPTIMIZATION_LEVEL = "-Onone";
			};
			name = Debug;
		};
		7156A7F02B840B65001C95FF /* Release */ = {
			isa = XCBuildConfiguration;
			buildSettings = {
				ALWAYS_SEARCH_USER_PATHS = NO;
				ASSETCATALOG_COMPILER_GENERATE_SWIFT_ASSET_SYMBOL_EXTENSIONS = YES;
				CLANG_ANALYZER_NONNULL = YES;
				CLANG_ANALYZER_NUMBER_OBJECT_CONVERSION = YES_AGGRESSIVE;
				CLANG_CXX_LANGUAGE_STANDARD = "gnu++20";
				CLANG_ENABLE_MODULES = YES;
				CLANG_ENABLE_OBJC_ARC = YES;
				CLANG_ENABLE_OBJC_WEAK = YES;
				CLANG_WARN_BLOCK_CAPTURE_AUTORELEASING = YES;
				CLANG_WARN_BOOL_CONVERSION = YES;
				CLANG_WARN_COMMA = YES;
				CLANG_WARN_CONSTANT_CONVERSION = YES;
				CLANG_WARN_DEPRECATED_OBJC_IMPLEMENTATIONS = YES;
				CLANG_WARN_DIRECT_OBJC_ISA_USAGE = YES_ERROR;
				CLANG_WARN_DOCUMENTATION_COMMENTS = YES;
				CLANG_WARN_EMPTY_BODY = YES;
				CLANG_WARN_ENUM_CONVERSION = YES;
				CLANG_WARN_INFINITE_RECURSION = YES;
				CLANG_WARN_INT_CONVERSION = YES;
				CLANG_WARN_NON_LITERAL_NULL_CONVERSION = YES;
				CLANG_WARN_OBJC_IMPLICIT_RETAIN_SELF = YES;
				CLANG_WARN_OBJC_LITERAL_CONVERSION = YES;
				CLANG_WARN_OBJC_ROOT_CLASS = YES_ERROR;
				CLANG_WARN_QUOTED_INCLUDE_IN_FRAMEWORK_HEADER = YES;
				CLANG_WARN_RANGE_LOOP_ANALYSIS = YES;
				CLANG_WARN_STRICT_PROTOTYPES = YES;
				CLANG_WARN_SUSPICIOUS_MOVE = YES;
				CLANG_WARN_UNGUARDED_AVAILABILITY = YES_AGGRESSIVE;
				CLANG_WARN_UNREACHABLE_CODE = YES;
				CLANG_WARN__DUPLICATE_METHOD_MATCH = YES;
				COPY_PHASE_STRIP = NO;
				DEBUG_INFORMATION_FORMAT = "dwarf-with-dsym";
				ENABLE_NS_ASSERTIONS = NO;
				ENABLE_STRICT_OBJC_MSGSEND = YES;
				ENABLE_USER_SCRIPT_SANDBOXING = YES;
				GCC_C_LANGUAGE_STANDARD = gnu17;
				GCC_NO_COMMON_BLOCKS = YES;
				GCC_WARN_64_TO_32_BIT_CONVERSION = YES;
				GCC_WARN_ABOUT_RETURN_TYPE = YES_ERROR;
				GCC_WARN_UNDECLARED_SELECTOR = YES;
				GCC_WARN_UNINITIALIZED_AUTOS = YES_AGGRESSIVE;
				GCC_WARN_UNUSED_FUNCTION = YES;
				GCC_WARN_UNUSED_VARIABLE = YES;
				IPHONEOS_DEPLOYMENT_TARGET = 17.2;
				LOCALIZATION_PREFERS_STRING_CATALOGS = YES;
				MTL_ENABLE_DEBUG_INFO = NO;
				MTL_FAST_MATH = YES;
				SDKROOT = iphoneos;
				SWIFT_COMPILATION_MODE = wholemodule;
				VALIDATE_PRODUCT = YES;
			};
			name = Release;
		};
		7156A7F22B840B65001C95FF /* Debug */ = {
			isa = XCBuildConfiguration;
			buildSettings = {
				ASSETCATALOG_COMPILER_APPICON_NAME = AppIcon;
				ASSETCATALOG_COMPILER_GLOBAL_ACCENT_COLOR_NAME = AccentColor;
				CODE_SIGN_STYLE = Manual;
				CURRENT_PROJECT_VERSION = 1;
				DEVELOPMENT_ASSET_PATHS = "\"TCACoordinatorExampleModified/Preview Content\"";
				DEVELOPMENT_TEAM = "";
				ENABLE_PREVIEWS = YES;
				GENERATE_INFOPLIST_FILE = YES;
				INFOPLIST_KEY_UIApplicationSceneManifest_Generation = YES;
				INFOPLIST_KEY_UIApplicationSupportsIndirectInputEvents = YES;
				INFOPLIST_KEY_UILaunchScreen_Generation = YES;
				INFOPLIST_KEY_UISupportedInterfaceOrientations_iPad = "UIInterfaceOrientationPortrait UIInterfaceOrientationPortraitUpsideDown UIInterfaceOrientationLandscapeLeft UIInterfaceOrientationLandscapeRight";
				INFOPLIST_KEY_UISupportedInterfaceOrientations_iPhone = "UIInterfaceOrientationPortrait UIInterfaceOrientationLandscapeLeft UIInterfaceOrientationLandscapeRight";
				LD_RUNPATH_SEARCH_PATHS = (
					"$(inherited)",
					"@executable_path/Frameworks",
				);
				MARKETING_VERSION = 1.0;
				PRODUCT_BUNDLE_IDENTIFIER = com.github.sealove.TCACoordinatorExampleModified;
				PRODUCT_NAME = "$(TARGET_NAME)";
				PROVISIONING_PROFILE_SPECIFIER = "";
				SWIFT_EMIT_LOC_STRINGS = YES;
				SWIFT_VERSION = 5.0;
				TARGETED_DEVICE_FAMILY = "1,2";
			};
			name = Debug;
		};
		7156A7F32B840B65001C95FF /* Release */ = {
			isa = XCBuildConfiguration;
			buildSettings = {
				ASSETCATALOG_COMPILER_APPICON_NAME = AppIcon;
				ASSETCATALOG_COMPILER_GLOBAL_ACCENT_COLOR_NAME = AccentColor;
				CODE_SIGN_STYLE = Manual;
				CURRENT_PROJECT_VERSION = 1;
				DEVELOPMENT_ASSET_PATHS = "\"TCACoordinatorExampleModified/Preview Content\"";
				DEVELOPMENT_TEAM = "";
				ENABLE_PREVIEWS = YES;
				GENERATE_INFOPLIST_FILE = YES;
				INFOPLIST_KEY_UIApplicationSceneManifest_Generation = YES;
				INFOPLIST_KEY_UIApplicationSupportsIndirectInputEvents = YES;
				INFOPLIST_KEY_UILaunchScreen_Generation = YES;
				INFOPLIST_KEY_UISupportedInterfaceOrientations_iPad = "UIInterfaceOrientationPortrait UIInterfaceOrientationPortraitUpsideDown UIInterfaceOrientationLandscapeLeft UIInterfaceOrientationLandscapeRight";
				INFOPLIST_KEY_UISupportedInterfaceOrientations_iPhone = "UIInterfaceOrientationPortrait UIInterfaceOrientationLandscapeLeft UIInterfaceOrientationLandscapeRight";
				LD_RUNPATH_SEARCH_PATHS = (
					"$(inherited)",
					"@executable_path/Frameworks",
				);
				MARKETING_VERSION = 1.0;
				PRODUCT_BUNDLE_IDENTIFIER = com.github.sealove.TCACoordinatorExampleModified;
				PRODUCT_NAME = "$(TARGET_NAME)";
				PROVISIONING_PROFILE_SPECIFIER = "";
				SWIFT_EMIT_LOC_STRINGS = YES;
				SWIFT_VERSION = 5.0;
				TARGETED_DEVICE_FAMILY = "1,2";
			};
			name = Release;
		};
/* End XCBuildConfiguration section */

/* Begin XCConfigurationList section */
		7156A7DE2B840B64001C95FF /* Build configuration list for PBXProject "TCACoordinatorExampleModified" */ = {
			isa = XCConfigurationList;
			buildConfigurations = (
				7156A7EF2B840B65001C95FF /* Debug */,
				7156A7F02B840B65001C95FF /* Release */,
			);
			defaultConfigurationIsVisible = 0;
			defaultConfigurationName = Release;
		};
		7156A7F12B840B65001C95FF /* Build configuration list for PBXNativeTarget "TCACoordinatorExampleModified" */ = {
			isa = XCConfigurationList;
			buildConfigurations = (
				7156A7F22B840B65001C95FF /* Debug */,
				7156A7F32B840B65001C95FF /* Release */,
			);
			defaultConfigurationIsVisible = 0;
			defaultConfigurationName = Release;
		};
/* End XCConfigurationList section */

/* Begin XCRemoteSwiftPackageReference section */
		7156A7F42B840B93001C95FF /* XCRemoteSwiftPackageReference "swift-composable-architecture" */ = {
			isa = XCRemoteSwiftPackageReference;
			repositoryURL = "https://github.com/pointfreeco/swift-composable-architecture";
			requirement = {
				kind = upToNextMajorVersion;
				minimumVersion = 1.8.2;
			};
		};
		7156A7F72B840BEA001C95FF /* XCRemoteSwiftPackageReference "TCACoordinators" */ = {
			isa = XCRemoteSwiftPackageReference;
			repositoryURL = "https://github.com/johnpatrickmorgan/TCACoordinators";
			requirement = {
				kind = upToNextMajorVersion;
				minimumVersion = 0.8.0;
			};
		};
/* End XCRemoteSwiftPackageReference section */

/* Begin XCSwiftPackageProductDependency section */
		7156A7F52B840B93001C95FF /* ComposableArchitecture */ = {
			isa = XCSwiftPackageProductDependency;
			package = 7156A7F42B840B93001C95FF /* XCRemoteSwiftPackageReference "swift-composable-architecture" */;
			productName = ComposableArchitecture;
		};
		7156A7F82B840BEA001C95FF /* TCACoordinators */ = {
			isa = XCSwiftPackageProductDependency;
			package = 7156A7F72B840BEA001C95FF /* XCRemoteSwiftPackageReference "TCACoordinators" */;
			productName = TCACoordinators;
		};
/* End XCSwiftPackageProductDependency section */
	};
	rootObject = 7156A7DB2B840B64001C95FF /* Project object */;
}
